
Microsoft Visual Studio Solution File, Format Version 12.00
# Visual Studio 14
VisualStudioVersion = 14.0.25420.1
MinimumVisualStudioVersion = 10.0.40219.1
Project("{FAE04EC0-301F-11D3-BF4B-00C04F79EFBC}") = "DAL", "DAL\DAL.csproj", "{C6454488-64E8-4D29-8767-968F95D502DE}"
EndProject
Project("{FAE04EC0-301F-11D3-BF4B-00C04F79EFBC}") = "BLL", "BLL\BLL.csproj", "{F0F71959-E204-4C7F-B92F-2324326B6CB5}"
EndProject
Project("{FAE04EC0-301F-11D3-BF4B-00C04F79EFBC}") = "DTO", "DTO\DTO.csproj", "{8F668C98-8E33-42E1-B06B-B5ACAD94B0AF}"
EndProject
Project("{FAE04EC0-301F-11D3-BF4B-00C04F79EFBC}") = "Export", "Export\Export.csproj", "{48793837-9B68-4D6A-981B-0E3753257D39}"
EndProject
Project("{FAE04EC0-301F-11D3-BF4B-00C04F79EFBC}") = "GUI", "GUI\GUI.csproj", "{0D0C8C51-F40E-405B-8840-92B7B23F99BF}"
EndProject
Project("{FAE04EC0-301F-11D3-BF4B-00C04F79EFBC}") = "FiseBase", "FiseBase\FiseBase.csproj", "{BFD8454E-55D3-49F4-82A1-8C1B43EDF38E}"
EndProject
Global
	GlobalSection(SolutionConfigurationPlatforms) = preSolution
		Debug|Any CPU = Debug|Any CPU
		Release|Any CPU = Release|Any CPU
	EndGlobalSection
	GlobalSection(ProjectConfigurationPlatforms) = postSolution
		{C6454488-64E8-4D29-8767-968F95D502DE}.Debug|Any CPU.ActiveCfg = Debug|Any CPU
		{C6454488-64E8-4D29-8767-968F95D502DE}.Debug|Any CPU.Build.0 = Debug|Any CPU
		{C6454488-64E8-4D29-8767-968F95D502DE}.Release|Any CPU.ActiveCfg = Release|Any CPU
		{C6454488-64E8-4D29-8767-968F95D502DE}.Release|Any CPU.Build.0 = Release|Any CPU
		{F0F71959-E204-4C7F-B92F-2324326B6CB5}.Debug|Any CPU.ActiveCfg = Debug|Any CPU
		{F0F71959-E204-4C7F-B92F-2324326B6CB5}.Debug|Any CPU.Build.0 = Debug|Any CPU
		{F0F71959-E204-4C7F-B92F-2324326B6CB5}.Release|Any CPU.ActiveCfg = Release|Any CPU
		{F0F71959-E204-4C7F-B92F-2324326B6CB5}.Release|Any CPU.Build.0 = Release|Any CPU
		{8F668C98-8E33-42E1-B06B-B5ACAD94B0AF}.Debug|Any CPU.ActiveCfg = Debug|Any CPU
		{8F668C98-8E33-42E1-B06B-B5ACAD94B0AF}.Debug|Any CPU.Build.0 = Debug|Any CPU
		{8F668C98-8E33-42E1-B06B-B5ACAD94B0AF}.Release|Any CPU.ActiveCfg = Release|Any CPU
		{8F668C98-8E33-42E1-B06B-B5ACAD94B0AF}.Release|Any CPU.Build.0 = Release|Any CPU
		{48793837-9B68-4D6A-981B-0E3753257D39}.Debug|Any CPU.ActiveCfg = Debug|Any CPU
		{48793837-9B68-4D6A-981B-0E3753257D39}.Debug|Any CPU.Build.0 = Debug|Any CPU
		{48793837-9B68-4D6A-981B-0E3753257D39}.Release|Any CPU.ActiveCfg = Release|Any CPU
		{48793837-9B68-4D6A-981B-0E3753257D39}.Release|Any CPU.Build.0 = Release|Any CPU
		{0D0C8C51-F40E-405B-8840-92B7B23F99BF}.Debug|Any CPU.ActiveCfg = Debug|Any CPU
		{0D0C8C51-F40E-405B-8840-92B7B23F99BF}.Debug|Any CPU.Build.0 = Debug|Any CPU
		{0D0C8C51-F40E-405B-8840-92B7B23F99BF}.Release|Any CPU.ActiveCfg = Release|Any CPU
		{0D0C8C51-F40E-405B-8840-92B7B23F99BF}.Release|Any CPU.Build.0 = Release|Any CPU
		{BFD8454E-55D3-49F4-82A1-8C1B43EDF38E}.Debug|Any CPU.ActiveCfg = Debug|Any CPU
		{BFD8454E-55D3-49F4-82A1-8C1B43EDF38E}.Debug|Any CPU.Build.0 = Debug|Any CPU
		{BFD8454E-55D3-49F4-82A1-8C1B43EDF38E}.Release|Any CPU.ActiveCfg = Release|Any CPU
		{BFD8454E-55D3-49F4-82A1-8C1B43EDF38E}.Release|Any CPU.Build.0 = Release|Any CPU
	EndGlobalSection
	GlobalSection(SolutionProperties) = preSolution
		HideSolutionNode = FALSE
	EndGlobalSection
EndGlobal
