
Microsoft Visual Studio Solution File, Format Version 12.00
# Visual Studio 2013
VisualStudioVersion = 12.0.40629.0
MinimumVisualStudioVersion = 10.0.40219.1
Project("{FAE04EC0-301F-11D3-BF4B-00C04F79EFBC}") = "QLThietBi", "QLThietBi\QLThietBi.csproj", "{2EC196D8-0922-46E8-B129-E3B05014E0B5}"
EndProject
Project("{FAE04EC0-301F-11D3-BF4B-00C04F79EFBC}") = "BLL_QLThietBi", "BLL_QLThietBi\BLL_QLThietBi.csproj", "{5C3CEBC4-1AF2-4AAF-B9AD-91C4F25B0E63}"
EndProject
Project("{FAE04EC0-301F-11D3-BF4B-00C04F79EFBC}") = "DAL_QLThietBi", "DAL_QLThietBi\DAL_QLThietBi.csproj", "{6AA3E98A-A515-4AF6-BB32-08DEF1F87E8F}"
EndProject
Project("{FAE04EC0-301F-11D3-BF4B-00C04F79EFBC}") = "DTO_QLThietBi", "DTO_QLThietBi\DTO_QLThietBi.csproj", "{6FD38D0F-AC3C-40B5-90FD-2627EECFECEB}"
EndProject
Project("{FAE04EC0-301F-11D3-BF4B-00C04F79EFBC}") = "Export", "Export\Export.csproj", "{9F0E3370-CFAF-4954-8F95-C5679D3D3245}"
EndProject
Global
	GlobalSection(SolutionConfigurationPlatforms) = preSolution
		Debug|Any CPU = Debug|Any CPU
		Release|Any CPU = Release|Any CPU
	EndGlobalSection
	GlobalSection(ProjectConfigurationPlatforms) = postSolution
		{2EC196D8-0922-46E8-B129-E3B05014E0B5}.Debug|Any CPU.ActiveCfg = Debug|Any CPU
		{2EC196D8-0922-46E8-B129-E3B05014E0B5}.Debug|Any CPU.Build.0 = Debug|Any CPU
		{2EC196D8-0922-46E8-B129-E3B05014E0B5}.Release|Any CPU.ActiveCfg = Release|Any CPU
		{2EC196D8-0922-46E8-B129-E3B05014E0B5}.Release|Any CPU.Build.0 = Release|Any CPU
		{5C3CEBC4-1AF2-4AAF-B9AD-91C4F25B0E63}.Debug|Any CPU.ActiveCfg = Debug|Any CPU
		{5C3CEBC4-1AF2-4AAF-B9AD-91C4F25B0E63}.Debug|Any CPU.Build.0 = Debug|Any CPU
		{5C3CEBC4-1AF2-4AAF-B9AD-91C4F25B0E63}.Release|Any CPU.ActiveCfg = Release|Any CPU
		{5C3CEBC4-1AF2-4AAF-B9AD-91C4F25B0E63}.Release|Any CPU.Build.0 = Release|Any CPU
		{6AA3E98A-A515-4AF6-BB32-08DEF1F87E8F}.Debug|Any CPU.ActiveCfg = Debug|Any CPU
		{6AA3E98A-A515-4AF6-BB32-08DEF1F87E8F}.Debug|Any CPU.Build.0 = Debug|Any CPU
		{6AA3E98A-A515-4AF6-BB32-08DEF1F87E8F}.Release|Any CPU.ActiveCfg = Release|Any CPU
		{6AA3E98A-A515-4AF6-BB32-08DEF1F87E8F}.Release|Any CPU.Build.0 = Release|Any CPU
		{6FD38D0F-AC3C-40B5-90FD-2627EECFECEB}.Debug|Any CPU.ActiveCfg = Debug|Any CPU
		{6FD38D0F-AC3C-40B5-90FD-2627EECFECEB}.Debug|Any CPU.Build.0 = Debug|Any CPU
		{6FD38D0F-AC3C-40B5-90FD-2627EECFECEB}.Release|Any CPU.ActiveCfg = Release|Any CPU
		{6FD38D0F-AC3C-40B5-90FD-2627EECFECEB}.Release|Any CPU.Build.0 = Release|Any CPU
		{9F0E3370-CFAF-4954-8F95-C5679D3D3245}.Debug|Any CPU.ActiveCfg = Debug|Any CPU
		{9F0E3370-CFAF-4954-8F95-C5679D3D3245}.Debug|Any CPU.Build.0 = Debug|Any CPU
		{9F0E3370-CFAF-4954-8F95-C5679D3D3245}.Release|Any CPU.ActiveCfg = Release|Any CPU
		{9F0E3370-CFAF-4954-8F95-C5679D3D3245}.Release|Any CPU.Build.0 = Release|Any CPU
	EndGlobalSection
	GlobalSection(SolutionProperties) = preSolution
		HideSolutionNode = FALSE
	EndGlobalSection
EndGlobal
